// !$*UTF8*$!
{
	archiveVersion = 1;
	classes = {
	};
	objectVersion = 46;
	objects = {

/* Begin PBXBuildFile section */
		A005A8B41812BDA9002B8128 /* SearchEventCell.m in Sources */ = {isa = PBXBuildFile; fileRef = A005A8B31812BDA9002B8128 /* SearchEventCell.m */; };
		A005A8B61812DDD2002B8128 /* Social.framework in Frameworks */ = {isa = PBXBuildFile; fileRef = A005A8B51812DDD2002B8128 /* Social.framework */; };
		A005A8C11812E452002B8128 /* ShareFacebook.png in Resources */ = {isa = PBXBuildFile; fileRef = A005A8BF1812E452002B8128 /* ShareFacebook.png */; };
		A005A8C21812E452002B8128 /* ShareTwitter.png in Resources */ = {isa = PBXBuildFile; fileRef = A005A8C01812E452002B8128 /* ShareTwitter.png */; };
		A005A8EA18131704002B8128 /* .gitignore in Resources */ = {isa = PBXBuildFile; fileRef = A005A8C818131704002B8128 /* .gitignore */; };
		A005A8EB18131704002B8128 /* Appirater.m in Sources */ = {isa = PBXBuildFile; fileRef = A005A8CA18131704002B8128 /* Appirater.m */; };
		A005A8EC18131704002B8128 /* Appirater.podspec in Resources */ = {isa = PBXBuildFile; fileRef = A005A8CB18131704002B8128 /* Appirater.podspec */; };
		A005A8ED18131704002B8128 /* AppiraterLocalizable.strings in Resources */ = {isa = PBXBuildFile; fileRef = A005A8CD18131704002B8128 /* AppiraterLocalizable.strings */; };
		A005A8EE18131704002B8128 /* CHANGELOG.md in Resources */ = {isa = PBXBuildFile; fileRef = A005A8CF18131704002B8128 /* CHANGELOG.md */; };
		A005A8EF18131704002B8128 /* README.md in Resources */ = {isa = PBXBuildFile; fileRef = A005A8E218131704002B8128 /* README.md */; };
		A005A8F118131722002B8128 /* CFNetwork.framework in Frameworks */ = {isa = PBXBuildFile; fileRef = A005A8F018131722002B8128 /* CFNetwork.framework */; };
		A005A8F31813172F002B8128 /* SystemConfiguration.framework in Frameworks */ = {isa = PBXBuildFile; fileRef = A005A8F21813172F002B8128 /* SystemConfiguration.framework */; };
		A005A8F518131735002B8128 /* StoreKit.framework in Frameworks */ = {isa = PBXBuildFile; fileRef = A005A8F418131735002B8128 /* StoreKit.framework */; settings = {ATTRIBUTES = (Weak, ); }; };
		A005A8F718133CB4002B8128 /* MessageUI.framework in Frameworks */ = {isa = PBXBuildFile; fileRef = A005A8F618133CB4002B8128 /* MessageUI.framework */; };
		A005A9051813445D002B8128 /* Images.xcassets in Resources */ = {isa = PBXBuildFile; fileRef = A005A9041813445D002B8128 /* Images.xcassets */; };
		A005A908181371A0002B8128 /* FirstRowInfo.png in Resources */ = {isa = PBXBuildFile; fileRef = A005A906181371A0002B8128 /* FirstRowInfo.png */; };
		A005A909181371A0002B8128 /* Info.png in Resources */ = {isa = PBXBuildFile; fileRef = A005A907181371A0002B8128 /* Info.png */; };
		A005A90C181372E8002B8128 /* FootballPro14Icon.png in Resources */ = {isa = PBXBuildFile; fileRef = A005A90A181372E8002B8128 /* FootballPro14Icon.png */; };
		A005A90D181372E8002B8128 /* GameScoutIcon.png in Resources */ = {isa = PBXBuildFile; fileRef = A005A90B181372E8002B8128 /* GameScoutIcon.png */; };
		A005A91118137590002B8128 /* Icon58.png in Resources */ = {isa = PBXBuildFile; fileRef = A005A90E18137590002B8128 /* Icon58.png */; };
		A005A91218137590002B8128 /* Icon80.png in Resources */ = {isa = PBXBuildFile; fileRef = A005A90F18137590002B8128 /* Icon80.png */; };
		A005A91318137590002B8128 /* Icon120.png in Resources */ = {isa = PBXBuildFile; fileRef = A005A91018137590002B8128 /* Icon120.png */; };
		A053E63917E37F7300EE7AEB /* UIKit.framework in Frameworks */ = {isa = PBXBuildFile; fileRef = A053E63817E37F7300EE7AEB /* UIKit.framework */; };
		A053E63B17E37F7300EE7AEB /* Foundation.framework in Frameworks */ = {isa = PBXBuildFile; fileRef = A053E63A17E37F7300EE7AEB /* Foundation.framework */; };
		A053E63D17E37F7300EE7AEB /* CoreGraphics.framework in Frameworks */ = {isa = PBXBuildFile; fileRef = A053E63C17E37F7300EE7AEB /* CoreGraphics.framework */; };
		A053E64317E37F7300EE7AEB /* InfoPlist.strings in Resources */ = {isa = PBXBuildFile; fileRef = A053E64117E37F7300EE7AEB /* InfoPlist.strings */; };
		A053E64517E37F7300EE7AEB /* main.m in Sources */ = {isa = PBXBuildFile; fileRef = A053E64417E37F7300EE7AEB /* main.m */; };
		A053E64917E37F7300EE7AEB /* AppDelegate.m in Sources */ = {isa = PBXBuildFile; fileRef = A053E64817E37F7300EE7AEB /* AppDelegate.m */; };
		A053E64B17E37F7400EE7AEB /* Default.png in Resources */ = {isa = PBXBuildFile; fileRef = A053E64A17E37F7400EE7AEB /* Default.png */; };
		A053E64D17E37F7400EE7AEB /* Default@2x.png in Resources */ = {isa = PBXBuildFile; fileRef = A053E64C17E37F7400EE7AEB /* Default@2x.png */; };
		A053E64F17E37F7400EE7AEB /* Default-568h@2x.png in Resources */ = {isa = PBXBuildFile; fileRef = A053E64E17E37F7400EE7AEB /* Default-568h@2x.png */; };
		A053E65217E37F7400EE7AEB /* MainStoryboard.storyboard in Resources */ = {isa = PBXBuildFile; fileRef = A053E65017E37F7400EE7AEB /* MainStoryboard.storyboard */; };
		A053E65D17E3834000EE7AEB /* MainBG.jpg in Resources */ = {isa = PBXBuildFile; fileRef = A053E65C17E3834000EE7AEB /* MainBG.jpg */; };
		A053E65F17E3843500EE7AEB /* LogoFirstRow.png in Resources */ = {isa = PBXBuildFile; fileRef = A053E65E17E3843500EE7AEB /* LogoFirstRow.png */; };
		A053E66217E3A74F00EE7AEB /* MainViewController.m in Sources */ = {isa = PBXBuildFile; fileRef = A053E66117E3A74F00EE7AEB /* MainViewController.m */; };
		A053E66417E3A83A00EE7AEB /* CoreLocation.framework in Frameworks */ = {isa = PBXBuildFile; fileRef = A053E66317E3A83A00EE7AEB /* CoreLocation.framework */; };
		A053E66817E3ABFE00EE7AEB /* GeoLocation.m in Sources */ = {isa = PBXBuildFile; fileRef = A053E66717E3ABFE00EE7AEB /* GeoLocation.m */; };
		A0C8FB101810C614005F07B9 /* BuyTickets.png in Resources */ = {isa = PBXBuildFile; fileRef = A0C8FB0F1810C614005F07B9 /* BuyTickets.png */; };
		A0C8FB151810DDE2005F07B9 /* MapViewController.m in Sources */ = {isa = PBXBuildFile; fileRef = A0C8FB141810DDE2005F07B9 /* MapViewController.m */; };
		A0C8FB171810E0F6005F07B9 /* MapKit.framework in Frameworks */ = {isa = PBXBuildFile; fileRef = A0C8FB161810E0F6005F07B9 /* MapKit.framework */; };
		A0D157CB17E6164900E9D47A /* NoImage.jpg in Resources */ = {isa = PBXBuildFile; fileRef = A0D157CA17E6164900E9D47A /* NoImage.jpg */; };
		A0D157CE17E6174300E9D47A /* AboutViewController.m in Sources */ = {isa = PBXBuildFile; fileRef = A0D157CD17E6174300E9D47A /* AboutViewController.m */; };
		A0D36EC017F888A700D4AAD6 /* TicketsViewController.m in Sources */ = {isa = PBXBuildFile; fileRef = A0D36EBF17F888A700D4AAD6 /* TicketsViewController.m */; };
		A0D4EFFD17F60F2100813377 /* SearchViewController.m in Sources */ = {isa = PBXBuildFile; fileRef = A0D4EFFC17F60F2100813377 /* SearchViewController.m */; };
		A0D4F00017F60F6B00813377 /* EventViewController.m in Sources */ = {isa = PBXBuildFile; fileRef = A0D4EFFF17F60F6B00813377 /* EventViewController.m */; };
		A0E0F06B17E4B442002E8528 /* PopularViewCell.m in Sources */ = {isa = PBXBuildFile; fileRef = A0E0F06A17E4B442002E8528 /* PopularViewCell.m */; };
		A0E0F07117E4BBD3002E8528 /* SDWebImage.framework in Frameworks */ = {isa = PBXBuildFile; fileRef = A0E0F07017E4BBD3002E8528 /* SDWebImage.framework */; };
		A0E0F07317E4BC1C002E8528 /* ImageIO.framework in Frameworks */ = {isa = PBXBuildFile; fileRef = A0E0F07217E4BC1C002E8528 /* ImageIO.framework */; };
		A0E0F07517E51EB7002E8528 /* iAd.framework in Frameworks */ = {isa = PBXBuildFile; fileRef = A0E0F07417E51EB7002E8528 /* iAd.framework */; };
		A0EE005C17F751E4008A9AE9 /* PlayBtn.png in Resources */ = {isa = PBXBuildFile; fileRef = A0EE005B17F751E4008A9AE9 /* PlayBtn.png */; };
		A0EF571D1811FFAA008CE24D /* YouTubeViewController.m in Sources */ = {isa = PBXBuildFile; fileRef = A0EF571C1811FFAA008CE24D /* YouTubeViewController.m */; };
/* End PBXBuildFile section */

/* Begin PBXFileReference section */
		A005A8B21812BDA9002B8128 /* SearchEventCell.h */ = {isa = PBXFileReference; fileEncoding = 4; lastKnownFileType = sourcecode.c.h; path = SearchEventCell.h; sourceTree = "<group>"; };
		A005A8B31812BDA9002B8128 /* SearchEventCell.m */ = {isa = PBXFileReference; fileEncoding = 4; lastKnownFileType = sourcecode.c.objc; path = SearchEventCell.m; sourceTree = "<group>"; };
		A005A8B51812DDD2002B8128 /* Social.framework */ = {isa = PBXFileReference; lastKnownFileType = wrapper.framework; name = Social.framework; path = System/Library/Frameworks/Social.framework; sourceTree = SDKROOT; };
		A005A8BF1812E452002B8128 /* ShareFacebook.png */ = {isa = PBXFileReference; lastKnownFileType = image.png; path = ShareFacebook.png; sourceTree = "<group>"; };
		A005A8C01812E452002B8128 /* ShareTwitter.png */ = {isa = PBXFileReference; lastKnownFileType = image.png; path = ShareTwitter.png; sourceTree = "<group>"; };
		A005A8C818131704002B8128 /* .gitignore */ = {isa = PBXFileReference; fileEncoding = 4; lastKnownFileType = text; path = .gitignore; sourceTree = "<group>"; };
		A005A8C918131704002B8128 /* Appirater.h */ = {isa = PBXFileReference; fileEncoding = 4; lastKnownFileType = sourcecode.c.h; path = Appirater.h; sourceTree = "<group>"; };
		A005A8CA18131704002B8128 /* Appirater.m */ = {isa = PBXFileReference; fileEncoding = 4; lastKnownFileType = sourcecode.c.objc; path = Appirater.m; sourceTree = "<group>"; };
		A005A8CB18131704002B8128 /* Appirater.podspec */ = {isa = PBXFileReference; fileEncoding = 4; lastKnownFileType = text; path = Appirater.podspec; sourceTree = "<group>"; };
		A005A8CC18131704002B8128 /* AppiraterDelegate.h */ = {isa = PBXFileReference; fileEncoding = 4; lastKnownFileType = sourcecode.c.h; path = AppiraterDelegate.h; sourceTree = "<group>"; };
		A005A8CE18131704002B8128 /* ca */ = {isa = PBXFileReference; lastKnownFileType = text.plist.strings; name = ca; path = ca.lproj/AppiraterLocalizable.strings; sourceTree = "<group>"; };
		A005A8CF18131704002B8128 /* CHANGELOG.md */ = {isa = PBXFileReference; fileEncoding = 4; lastKnownFileType = text; path = CHANGELOG.md; sourceTree = "<group>"; };
		A005A8D018131704002B8128 /* cs */ = {isa = PBXFileReference; lastKnownFileType = text.plist.strings; name = cs; path = cs.lproj/AppiraterLocalizable.strings; sourceTree = "<group>"; };
		A005A8D118131704002B8128 /* da */ = {isa = PBXFileReference; lastKnownFileType = text.plist.strings; name = da; path = da.lproj/AppiraterLocalizable.strings; sourceTree = "<group>"; };
		A005A8D218131704002B8128 /* de */ = {isa = PBXFileReference; lastKnownFileType = text.plist.strings; name = de; path = de.lproj/AppiraterLocalizable.strings; sourceTree = "<group>"; };
		A005A8D318131704002B8128 /* el */ = {isa = PBXFileReference; lastKnownFileType = text.plist.strings; name = el; path = el.lproj/AppiraterLocalizable.strings; sourceTree = "<group>"; };
		A005A8D418131704002B8128 /* en */ = {isa = PBXFileReference; lastKnownFileType = text.plist.strings; name = en; path = en.lproj/AppiraterLocalizable.strings; sourceTree = "<group>"; };
		A005A8D518131704002B8128 /* es */ = {isa = PBXFileReference; lastKnownFileType = text.plist.strings; name = es; path = es.lproj/AppiraterLocalizable.strings; sourceTree = "<group>"; };
		A005A8D618131704002B8128 /* fi */ = {isa = PBXFileReference; lastKnownFileType = text.plist.strings; name = fi; path = fi.lproj/AppiraterLocalizable.strings; sourceTree = "<group>"; };
		A005A8D718131704002B8128 /* fr */ = {isa = PBXFileReference; lastKnownFileType = text.plist.strings; name = fr; path = fr.lproj/AppiraterLocalizable.strings; sourceTree = "<group>"; };
		A005A8D818131704002B8128 /* he */ = {isa = PBXFileReference; lastKnownFileType = text.plist.strings; name = he; path = he.lproj/AppiraterLocalizable.strings; sourceTree = "<group>"; };
		A005A8D918131704002B8128 /* hu */ = {isa = PBXFileReference; lastKnownFileType = text.plist.strings; name = hu; path = hu.lproj/AppiraterLocalizable.strings; sourceTree = "<group>"; };
		A005A8DA18131704002B8128 /* id */ = {isa = PBXFileReference; lastKnownFileType = text.plist.strings; name = id; path = id.lproj/AppiraterLocalizable.strings; sourceTree = "<group>"; };
		A005A8DB18131704002B8128 /* it */ = {isa = PBXFileReference; lastKnownFileType = text.plist.strings; name = it; path = it.lproj/AppiraterLocalizable.strings; sourceTree = "<group>"; };
		A005A8DC18131704002B8128 /* ja */ = {isa = PBXFileReference; lastKnownFileType = text.plist.strings; name = ja; path = ja.lproj/AppiraterLocalizable.strings; sourceTree = "<group>"; };
		A005A8DD18131704002B8128 /* ko */ = {isa = PBXFileReference; lastKnownFileType = text.plist.strings; name = ko; path = ko.lproj/AppiraterLocalizable.strings; sourceTree = "<group>"; };
		A005A8DE18131704002B8128 /* nb */ = {isa = PBXFileReference; lastKnownFileType = text.plist.strings; name = nb; path = nb.lproj/AppiraterLocalizable.strings; sourceTree = "<group>"; };
		A005A8DF18131704002B8128 /* nl */ = {isa = PBXFileReference; lastKnownFileType = text.plist.strings; name = nl; path = nl.lproj/AppiraterLocalizable.strings; sourceTree = "<group>"; };
		A005A8E018131704002B8128 /* pl */ = {isa = PBXFileReference; lastKnownFileType = text.plist.strings; name = pl; path = pl.lproj/AppiraterLocalizable.strings; sourceTree = "<group>"; };
		A005A8E118131704002B8128 /* pt */ = {isa = PBXFileReference; lastKnownFileType = text.plist.strings; name = pt; path = pt.lproj/AppiraterLocalizable.strings; sourceTree = "<group>"; };
		A005A8E218131704002B8128 /* README.md */ = {isa = PBXFileReference; fileEncoding = 4; lastKnownFileType = text; path = README.md; sourceTree = "<group>"; };
		A005A8E318131704002B8128 /* ro */ = {isa = PBXFileReference; lastKnownFileType = text.plist.strings; name = ro; path = ro.lproj/AppiraterLocalizable.strings; sourceTree = "<group>"; };
		A005A8E418131704002B8128 /* ru */ = {isa = PBXFileReference; lastKnownFileType = text.plist.strings; name = ru; path = ru.lproj/AppiraterLocalizable.strings; sourceTree = "<group>"; };
		A005A8E518131704002B8128 /* sk */ = {isa = PBXFileReference; lastKnownFileType = text.plist.strings; name = sk; path = sk.lproj/AppiraterLocalizable.strings; sourceTree = "<group>"; };
		A005A8E618131704002B8128 /* sv */ = {isa = PBXFileReference; lastKnownFileType = text.plist.strings; name = sv; path = sv.lproj/AppiraterLocalizable.strings; sourceTree = "<group>"; };
		A005A8E718131704002B8128 /* tr */ = {isa = PBXFileReference; lastKnownFileType = text.plist.strings; name = tr; path = tr.lproj/AppiraterLocalizable.strings; sourceTree = "<group>"; };
		A005A8E818131704002B8128 /* zh-Hans */ = {isa = PBXFileReference; lastKnownFileType = text.plist.strings; name = "zh-Hans"; path = "zh-Hans.lproj/AppiraterLocalizable.strings"; sourceTree = "<group>"; };
		A005A8E918131704002B8128 /* zh-Hant */ = {isa = PBXFileReference; lastKnownFileType = text.plist.strings; name = "zh-Hant"; path = "zh-Hant.lproj/AppiraterLocalizable.strings"; sourceTree = "<group>"; };
		A005A8F018131722002B8128 /* CFNetwork.framework */ = {isa = PBXFileReference; lastKnownFileType = wrapper.framework; name = CFNetwork.framework; path = System/Library/Frameworks/CFNetwork.framework; sourceTree = SDKROOT; };
		A005A8F21813172F002B8128 /* SystemConfiguration.framework */ = {isa = PBXFileReference; lastKnownFileType = wrapper.framework; name = SystemConfiguration.framework; path = System/Library/Frameworks/SystemConfiguration.framework; sourceTree = SDKROOT; };
		A005A8F418131735002B8128 /* StoreKit.framework */ = {isa = PBXFileReference; lastKnownFileType = wrapper.framework; name = StoreKit.framework; path = System/Library/Frameworks/StoreKit.framework; sourceTree = SDKROOT; };
		A005A8F618133CB4002B8128 /* MessageUI.framework */ = {isa = PBXFileReference; lastKnownFileType = wrapper.framework; name = MessageUI.framework; path = System/Library/Frameworks/MessageUI.framework; sourceTree = SDKROOT; };
		A005A9041813445D002B8128 /* Images.xcassets */ = {isa = PBXFileReference; lastKnownFileType = folder.assetcatalog; path = Images.xcassets; sourceTree = "<group>"; };
		A005A906181371A0002B8128 /* FirstRowInfo.png */ = {isa = PBXFileReference; lastKnownFileType = image.png; path = FirstRowInfo.png; sourceTree = "<group>"; };
		A005A907181371A0002B8128 /* Info.png */ = {isa = PBXFileReference; lastKnownFileType = image.png; path = Info.png; sourceTree = "<group>"; };
		A005A90A181372E8002B8128 /* FootballPro14Icon.png */ = {isa = PBXFileReference; lastKnownFileType = image.png; path = FootballPro14Icon.png; sourceTree = "<group>"; };
		A005A90B181372E8002B8128 /* GameScoutIcon.png */ = {isa = PBXFileReference; lastKnownFileType = image.png; path = GameScoutIcon.png; sourceTree = "<group>"; };
		A005A90E18137590002B8128 /* Icon58.png */ = {isa = PBXFileReference; lastKnownFileType = image.png; path = Icon58.png; sourceTree = "<group>"; };
		A005A90F18137590002B8128 /* Icon80.png */ = {isa = PBXFileReference; lastKnownFileType = image.png; path = Icon80.png; sourceTree = "<group>"; };
		A005A91018137590002B8128 /* Icon120.png */ = {isa = PBXFileReference; lastKnownFileType = image.png; path = Icon120.png; sourceTree = "<group>"; };
		A053E63517E37F7300EE7AEB /* First Row.app */ = {isa = PBXFileReference; explicitFileType = wrapper.application; includeInIndex = 0; path = "First Row.app"; sourceTree = BUILT_PRODUCTS_DIR; };
		A053E63817E37F7300EE7AEB /* UIKit.framework */ = {isa = PBXFileReference; lastKnownFileType = wrapper.framework; name = UIKit.framework; path = System/Library/Frameworks/UIKit.framework; sourceTree = SDKROOT; };
		A053E63A17E37F7300EE7AEB /* Foundation.framework */ = {isa = PBXFileReference; lastKnownFileType = wrapper.framework; name = Foundation.framework; path = System/Library/Frameworks/Foundation.framework; sourceTree = SDKROOT; };
		A053E63C17E37F7300EE7AEB /* CoreGraphics.framework */ = {isa = PBXFileReference; lastKnownFileType = wrapper.framework; name = CoreGraphics.framework; path = System/Library/Frameworks/CoreGraphics.framework; sourceTree = SDKROOT; };
		A053E64017E37F7300EE7AEB /* First Row-Info.plist */ = {isa = PBXFileReference; lastKnownFileType = text.plist.xml; path = "First Row-Info.plist"; sourceTree = "<group>"; };
		A053E64217E37F7300EE7AEB /* en */ = {isa = PBXFileReference; lastKnownFileType = text.plist.strings; name = en; path = en.lproj/InfoPlist.strings; sourceTree = "<group>"; };
		A053E64417E37F7300EE7AEB /* main.m */ = {isa = PBXFileReference; lastKnownFileType = sourcecode.c.objc; path = main.m; sourceTree = "<group>"; };
		A053E64617E37F7300EE7AEB /* First Row-Prefix.pch */ = {isa = PBXFileReference; lastKnownFileType = sourcecode.c.h; path = "First Row-Prefix.pch"; sourceTree = "<group>"; };
		A053E64717E37F7300EE7AEB /* AppDelegate.h */ = {isa = PBXFileReference; lastKnownFileType = sourcecode.c.h; path = AppDelegate.h; sourceTree = "<group>"; };
		A053E64817E37F7300EE7AEB /* AppDelegate.m */ = {isa = PBXFileReference; lastKnownFileType = sourcecode.c.objc; path = AppDelegate.m; sourceTree = "<group>"; };
		A053E64A17E37F7400EE7AEB /* Default.png */ = {isa = PBXFileReference; lastKnownFileType = image.png; path = Default.png; sourceTree = "<group>"; };
		A053E64C17E37F7400EE7AEB /* Default@2x.png */ = {isa = PBXFileReference; lastKnownFileType = image.png; path = "Default@2x.png"; sourceTree = "<group>"; };
		A053E64E17E37F7400EE7AEB /* Default-568h@2x.png */ = {isa = PBXFileReference; lastKnownFileType = image.png; path = "Default-568h@2x.png"; sourceTree = "<group>"; };
		A053E65117E37F7400EE7AEB /* en */ = {isa = PBXFileReference; lastKnownFileType = file.storyboard; name = en; path = en.lproj/MainStoryboard.storyboard; sourceTree = "<group>"; };
		A053E65C17E3834000EE7AEB /* MainBG.jpg */ = {isa = PBXFileReference; lastKnownFileType = image.jpeg; path = MainBG.jpg; sourceTree = "<group>"; };
		A053E65E17E3843500EE7AEB /* LogoFirstRow.png */ = {isa = PBXFileReference; lastKnownFileType = image.png; path = LogoFirstRow.png; sourceTree = "<group>"; };
		A053E66017E3A74F00EE7AEB /* MainViewController.h */ = {isa = PBXFileReference; fileEncoding = 4; lastKnownFileType = sourcecode.c.h; path = MainViewController.h; sourceTree = "<group>"; };
		A053E66117E3A74F00EE7AEB /* MainViewController.m */ = {isa = PBXFileReference; fileEncoding = 4; lastKnownFileType = sourcecode.c.objc; path = MainViewController.m; sourceTree = "<group>"; };
		A053E66317E3A83A00EE7AEB /* CoreLocation.framework */ = {isa = PBXFileReference; lastKnownFileType = wrapper.framework; name = CoreLocation.framework; path = System/Library/Frameworks/CoreLocation.framework; sourceTree = SDKROOT; };
		A053E66617E3ABFE00EE7AEB /* GeoLocation.h */ = {isa = PBXFileReference; fileEncoding = 4; lastKnownFileType = sourcecode.c.h; path = GeoLocation.h; sourceTree = "<group>"; };
		A053E66717E3ABFE00EE7AEB /* GeoLocation.m */ = {isa = PBXFileReference; fileEncoding = 4; lastKnownFileType = sourcecode.c.objc; path = GeoLocation.m; sourceTree = "<group>"; };
		A0C8FB0F1810C614005F07B9 /* BuyTickets.png */ = {isa = PBXFileReference; lastKnownFileType = image.png; path = BuyTickets.png; sourceTree = "<group>"; };
		A0C8FB131810DDE2005F07B9 /* MapViewController.h */ = {isa = PBXFileReference; fileEncoding = 4; lastKnownFileType = sourcecode.c.h; path = MapViewController.h; sourceTree = "<group>"; };
		A0C8FB141810DDE2005F07B9 /* MapViewController.m */ = {isa = PBXFileReference; fileEncoding = 4; lastKnownFileType = sourcecode.c.objc; path = MapViewController.m; sourceTree = "<group>"; };
		A0C8FB161810E0F6005F07B9 /* MapKit.framework */ = {isa = PBXFileReference; lastKnownFileType = wrapper.framework; name = MapKit.framework; path = System/Library/Frameworks/MapKit.framework; sourceTree = SDKROOT; };
		A0D157CA17E6164900E9D47A /* NoImage.jpg */ = {isa = PBXFileReference; lastKnownFileType = image.jpeg; path = NoImage.jpg; sourceTree = "<group>"; };
		A0D157CC17E6174300E9D47A /* AboutViewController.h */ = {isa = PBXFileReference; fileEncoding = 4; lastKnownFileType = sourcecode.c.h; path = AboutViewController.h; sourceTree = "<group>"; };
		A0D157CD17E6174300E9D47A /* AboutViewController.m */ = {isa = PBXFileReference; fileEncoding = 4; lastKnownFileType = sourcecode.c.objc; path = AboutViewController.m; sourceTree = "<group>"; };
		A0D36EBE17F888A700D4AAD6 /* TicketsViewController.h */ = {isa = PBXFileReference; fileEncoding = 4; lastKnownFileType = sourcecode.c.h; path = TicketsViewController.h; sourceTree = "<group>"; };
		A0D36EBF17F888A700D4AAD6 /* TicketsViewController.m */ = {isa = PBXFileReference; fileEncoding = 4; lastKnownFileType = sourcecode.c.objc; path = TicketsViewController.m; sourceTree = "<group>"; };
		A0D4EFFB17F60F2100813377 /* SearchViewController.h */ = {isa = PBXFileReference; fileEncoding = 4; lastKnownFileType = sourcecode.c.h; path = SearchViewController.h; sourceTree = "<group>"; };
		A0D4EFFC17F60F2100813377 /* SearchViewController.m */ = {isa = PBXFileReference; fileEncoding = 4; lastKnownFileType = sourcecode.c.objc; path = SearchViewController.m; sourceTree = "<group>"; };
		A0D4EFFE17F60F6B00813377 /* EventViewController.h */ = {isa = PBXFileReference; fileEncoding = 4; lastKnownFileType = sourcecode.c.h; path = EventViewController.h; sourceTree = "<group>"; };
		A0D4EFFF17F60F6B00813377 /* EventViewController.m */ = {isa = PBXFileReference; fileEncoding = 4; lastKnownFileType = sourcecode.c.objc; path = EventViewController.m; sourceTree = "<group>"; };
		A0E0F06917E4B442002E8528 /* PopularViewCell.h */ = {isa = PBXFileReference; fileEncoding = 4; lastKnownFileType = sourcecode.c.h; path = PopularViewCell.h; sourceTree = "<group>"; };
		A0E0F06A17E4B442002E8528 /* PopularViewCell.m */ = {isa = PBXFileReference; fileEncoding = 4; lastKnownFileType = sourcecode.c.objc; path = PopularViewCell.m; sourceTree = "<group>"; };
		A0E0F07017E4BBD3002E8528 /* SDWebImage.framework */ = {isa = PBXFileReference; lastKnownFileType = wrapper.framework; path = SDWebImage.framework; sourceTree = "<group>"; };
		A0E0F07217E4BC1C002E8528 /* ImageIO.framework */ = {isa = PBXFileReference; lastKnownFileType = wrapper.framework; name = ImageIO.framework; path = System/Library/Frameworks/ImageIO.framework; sourceTree = SDKROOT; };
		A0E0F07417E51EB7002E8528 /* iAd.framework */ = {isa = PBXFileReference; lastKnownFileType = wrapper.framework; name = iAd.framework; path = System/Library/Frameworks/iAd.framework; sourceTree = SDKROOT; };
		A0EE005B17F751E4008A9AE9 /* PlayBtn.png */ = {isa = PBXFileReference; lastKnownFileType = image.png; path = PlayBtn.png; sourceTree = "<group>"; };
		A0EF571B1811FFAA008CE24D /* YouTubeViewController.h */ = {isa = PBXFileReference; fileEncoding = 4; lastKnownFileType = sourcecode.c.h; path = YouTubeViewController.h; sourceTree = "<group>"; };
		A0EF571C1811FFAA008CE24D /* YouTubeViewController.m */ = {isa = PBXFileReference; fileEncoding = 4; lastKnownFileType = sourcecode.c.objc; path = YouTubeViewController.m; sourceTree = "<group>"; };
/* End PBXFileReference section */

/* Begin PBXFrameworksBuildPhase section */
		A053E63217E37F7300EE7AEB /* Frameworks */ = {
			isa = PBXFrameworksBuildPhase;
			buildActionMask = 2147483647;
			files = (
				A005A8F718133CB4002B8128 /* MessageUI.framework in Frameworks */,
				A005A8F518131735002B8128 /* StoreKit.framework in Frameworks */,
				A005A8F31813172F002B8128 /* SystemConfiguration.framework in Frameworks */,
				A005A8F118131722002B8128 /* CFNetwork.framework in Frameworks */,
				A005A8B61812DDD2002B8128 /* Social.framework in Frameworks */,
				A0C8FB171810E0F6005F07B9 /* MapKit.framework in Frameworks */,
				A0E0F07517E51EB7002E8528 /* iAd.framework in Frameworks */,
				A0E0F07317E4BC1C002E8528 /* ImageIO.framework in Frameworks */,
				A053E66417E3A83A00EE7AEB /* CoreLocation.framework in Frameworks */,
				A053E63917E37F7300EE7AEB /* UIKit.framework in Frameworks */,
				A053E63B17E37F7300EE7AEB /* Foundation.framework in Frameworks */,
				A053E63D17E37F7300EE7AEB /* CoreGraphics.framework in Frameworks */,
				A0E0F07117E4BBD3002E8528 /* SDWebImage.framework in Frameworks */,
			);
			runOnlyForDeploymentPostprocessing = 0;
		};
/* End PBXFrameworksBuildPhase section */

/* Begin PBXGroup section */
		A005A8C318131575002B8128 /* API */ = {
			isa = PBXGroup;
			children = (
				A005A8C718131704002B8128 /* appirater-master */,
			);
			name = API;
			sourceTree = "<group>";
		};
		A005A8C718131704002B8128 /* appirater-master */ = {
			isa = PBXGroup;
			children = (
				A005A8C818131704002B8128 /* .gitignore */,
				A005A8C918131704002B8128 /* Appirater.h */,
				A005A8CA18131704002B8128 /* Appirater.m */,
				A005A8CB18131704002B8128 /* Appirater.podspec */,
				A005A8CC18131704002B8128 /* AppiraterDelegate.h */,
				A005A8CD18131704002B8128 /* AppiraterLocalizable.strings */,
				A005A8CF18131704002B8128 /* CHANGELOG.md */,
				A005A8E218131704002B8128 /* README.md */,
			);
			path = "appirater-master";
			sourceTree = "<group>";
		};
		A053E62C17E37F7300EE7AEB = {
			isa = PBXGroup;
			children = (
				A005A8C318131575002B8128 /* API */,
				A0E0F06817E4B41C002E8528 /* Cells */,
				A053E66517E3ABE200EE7AEB /* Engine */,
				A053E65B17E3828D00EE7AEB /* Assets */,
				A053E63E17E37F7300EE7AEB /* First Row */,
				A053E63717E37F7300EE7AEB /* Frameworks */,
				A053E63617E37F7300EE7AEB /* Products */,
			);
			sourceTree = "<group>";
		};
		A053E63617E37F7300EE7AEB /* Products */ = {
			isa = PBXGroup;
			children = (
				A053E63517E37F7300EE7AEB /* First Row.app */,
			);
			name = Products;
			sourceTree = "<group>";
		};
		A053E63717E37F7300EE7AEB /* Frameworks */ = {
			isa = PBXGroup;
			children = (
				A005A8F618133CB4002B8128 /* MessageUI.framework */,
				A005A8F418131735002B8128 /* StoreKit.framework */,
				A005A8F21813172F002B8128 /* SystemConfiguration.framework */,
				A005A8F018131722002B8128 /* CFNetwork.framework */,
				A005A8B51812DDD2002B8128 /* Social.framework */,
				A0C8FB161810E0F6005F07B9 /* MapKit.framework */,
				A0E0F07417E51EB7002E8528 /* iAd.framework */,
				A0E0F07217E4BC1C002E8528 /* ImageIO.framework */,
				A0E0F07017E4BBD3002E8528 /* SDWebImage.framework */,
				A053E66317E3A83A00EE7AEB /* CoreLocation.framework */,
				A053E63817E37F7300EE7AEB /* UIKit.framework */,
				A053E63A17E37F7300EE7AEB /* Foundation.framework */,
				A053E63C17E37F7300EE7AEB /* CoreGraphics.framework */,
			);
			name = Frameworks;
			sourceTree = "<group>";
		};
		A053E63E17E37F7300EE7AEB /* First Row */ = {
			isa = PBXGroup;
			children = (
				A053E64717E37F7300EE7AEB /* AppDelegate.h */,
				A053E64817E37F7300EE7AEB /* AppDelegate.m */,
				A053E65017E37F7400EE7AEB /* MainStoryboard.storyboard */,
				A053E66017E3A74F00EE7AEB /* MainViewController.h */,
				A053E66117E3A74F00EE7AEB /* MainViewController.m */,
				A0D157CC17E6174300E9D47A /* AboutViewController.h */,
				A0D157CD17E6174300E9D47A /* AboutViewController.m */,
				A0D4EFFB17F60F2100813377 /* SearchViewController.h */,
				A0D4EFFC17F60F2100813377 /* SearchViewController.m */,
				A0D4EFFE17F60F6B00813377 /* EventViewController.h */,
				A0D4EFFF17F60F6B00813377 /* EventViewController.m */,
				A0D36EBE17F888A700D4AAD6 /* TicketsViewController.h */,
				A0D36EBF17F888A700D4AAD6 /* TicketsViewController.m */,
				A0C8FB131810DDE2005F07B9 /* MapViewController.h */,
				A0C8FB141810DDE2005F07B9 /* MapViewController.m */,
				A0EF571B1811FFAA008CE24D /* YouTubeViewController.h */,
				A0EF571C1811FFAA008CE24D /* YouTubeViewController.m */,
				A005A9041813445D002B8128 /* Images.xcassets */,
				A053E63F17E37F7300EE7AEB /* Supporting Files */,
			);
			path = "First Row";
			sourceTree = "<group>";
		};
		A053E63F17E37F7300EE7AEB /* Supporting Files */ = {
			isa = PBXGroup;
			children = (
				A053E64017E37F7300EE7AEB /* First Row-Info.plist */,
				A053E64117E37F7300EE7AEB /* InfoPlist.strings */,
				A053E64417E37F7300EE7AEB /* main.m */,
				A053E64617E37F7300EE7AEB /* First Row-Prefix.pch */,
				A053E64A17E37F7400EE7AEB /* Default.png */,
				A053E64C17E37F7400EE7AEB /* Default@2x.png */,
				A053E64E17E37F7400EE7AEB /* Default-568h@2x.png */,
			);
			name = "Supporting Files";
			sourceTree = "<group>";
		};
		A053E65B17E3828D00EE7AEB /* Assets */ = {
			isa = PBXGroup;
			children = (
				A005A90E18137590002B8128 /* Icon58.png */,
				A005A90F18137590002B8128 /* Icon80.png */,
				A005A91018137590002B8128 /* Icon120.png */,
				A005A90A181372E8002B8128 /* FootballPro14Icon.png */,
				A005A90B181372E8002B8128 /* GameScoutIcon.png */,
				A005A906181371A0002B8128 /* FirstRowInfo.png */,
				A005A907181371A0002B8128 /* Info.png */,
				A005A8BF1812E452002B8128 /* ShareFacebook.png */,
				A005A8C01812E452002B8128 /* ShareTwitter.png */,
				A0C8FB0F1810C614005F07B9 /* BuyTickets.png */,
				A0EE005B17F751E4008A9AE9 /* PlayBtn.png */,
				A0D157CA17E6164900E9D47A /* NoImage.jpg */,
				A053E65E17E3843500EE7AEB /* LogoFirstRow.png */,
				A053E65C17E3834000EE7AEB /* MainBG.jpg */,
			);
			name = Assets;
			sourceTree = "<group>";
		};
		A053E66517E3ABE200EE7AEB /* Engine */ = {
			isa = PBXGroup;
			children = (
				A053E66617E3ABFE00EE7AEB /* GeoLocation.h */,
				A053E66717E3ABFE00EE7AEB /* GeoLocation.m */,
			);
			name = Engine;
			sourceTree = "<group>";
		};
		A0E0F06817E4B41C002E8528 /* Cells */ = {
			isa = PBXGroup;
			children = (
				A0E0F06917E4B442002E8528 /* PopularViewCell.h */,
				A0E0F06A17E4B442002E8528 /* PopularViewCell.m */,
				A005A8B21812BDA9002B8128 /* SearchEventCell.h */,
				A005A8B31812BDA9002B8128 /* SearchEventCell.m */,
			);
			name = Cells;
			sourceTree = "<group>";
		};
/* End PBXGroup section */

/* Begin PBXNativeTarget section */
		A053E63417E37F7300EE7AEB /* First Row */ = {
			isa = PBXNativeTarget;
			buildConfigurationList = A053E65817E37F7400EE7AEB /* Build configuration list for PBXNativeTarget "First Row" */;
			buildPhases = (
				A053E63117E37F7300EE7AEB /* Sources */,
				A053E63217E37F7300EE7AEB /* Frameworks */,
				A053E63317E37F7300EE7AEB /* Resources */,
			);
			buildRules = (
			);
			dependencies = (
			);
			name = "First Row";
			productName = "First Row";
			productReference = A053E63517E37F7300EE7AEB /* First Row.app */;
			productType = "com.apple.product-type.application";
		};
/* End PBXNativeTarget section */

/* Begin PBXProject section */
		A053E62D17E37F7300EE7AEB /* Project object */ = {
			isa = PBXProject;
			attributes = {
				LastUpgradeCheck = 0460;
				ORGANIZATIONNAME = Neuralnet;
				TargetAttributes = {
					A053E63417E37F7300EE7AEB = {
						DevelopmentTeam = DS8FAQ2FU5;
					};
				};
			};
			buildConfigurationList = A053E63017E37F7300EE7AEB /* Build configuration list for PBXProject "First Row" */;
			compatibilityVersion = "Xcode 3.2";
			developmentRegion = English;
			hasScannedForEncodings = 0;
			knownRegions = (
				en,
				ca,
				cs,
				da,
				de,
				el,
				es,
				fi,
				fr,
				he,
				hu,
				id,
				it,
				ja,
				ko,
				nb,
				nl,
				pl,
				pt,
				ro,
				ru,
				sk,
				sv,
				tr,
				"zh-Hans",
				"zh-Hant",
			);
			mainGroup = A053E62C17E37F7300EE7AEB;
			productRefGroup = A053E63617E37F7300EE7AEB /* Products */;
			projectDirPath = "";
			projectRoot = "";
			targets = (
				A053E63417E37F7300EE7AEB /* First Row */,
			);
		};
/* End PBXProject section */

/* Begin PBXResourcesBuildPhase section */
		A053E63317E37F7300EE7AEB /* Resources */ = {
			isa = PBXResourcesBuildPhase;
			buildActionMask = 2147483647;
			files = (
				A053E64317E37F7300EE7AEB /* InfoPlist.strings in Resources */,
				A005A8C21812E452002B8128 /* ShareTwitter.png in Resources */,
				A0EE005C17F751E4008A9AE9 /* PlayBtn.png in Resources */,
				A005A8EE18131704002B8128 /* CHANGELOG.md in Resources */,
				A053E64B17E37F7400EE7AEB /* Default.png in Resources */,
				A053E64D17E37F7400EE7AEB /* Default@2x.png in Resources */,
				A005A91218137590002B8128 /* Icon80.png in Resources */,
				A053E64F17E37F7400EE7AEB /* Default-568h@2x.png in Resources */,
				A053E65217E37F7400EE7AEB /* MainStoryboard.storyboard in Resources */,
				A005A9051813445D002B8128 /* Images.xcassets in Resources */,
				A0C8FB101810C614005F07B9 /* BuyTickets.png in Resources */,
				A005A8ED18131704002B8128 /* AppiraterLocalizable.strings in Resources */,
				A005A909181371A0002B8128 /* Info.png in Resources */,
				A053E65D17E3834000EE7AEB /* MainBG.jpg in Resources */,
				A005A8EF18131704002B8128 /* README.md in Resources */,
				A005A8C11812E452002B8128 /* ShareFacebook.png in Resources */,
				A005A908181371A0002B8128 /* FirstRowInfo.png in Resources */,
				A005A91318137590002B8128 /* Icon120.png in Resources */,
				A005A90C181372E8002B8128 /* FootballPro14Icon.png in Resources */,
				A053E65F17E3843500EE7AEB /* LogoFirstRow.png in Resources */,
				A005A8EC18131704002B8128 /* Appirater.podspec in Resources */,
				A005A90D181372E8002B8128 /* GameScoutIcon.png in Resources */,
				A005A8EA18131704002B8128 /* .gitignore in Resources */,
				A0D157CB17E6164900E9D47A /* NoImage.jpg in Resources */,
				A005A91118137590002B8128 /* Icon58.png in Resources */,
			);
			runOnlyForDeploymentPostprocessing = 0;
		};
/* End PBXResourcesBuildPhase section */

/* Begin PBXSourcesBuildPhase section */
		A053E63117E37F7300EE7AEB /* Sources */ = {
			isa = PBXSourcesBuildPhase;
			buildActionMask = 2147483647;
			files = (
				A053E64517E37F7300EE7AEB /* main.m in Sources */,
				A0EF571D1811FFAA008CE24D /* YouTubeViewController.m in Sources */,
				A0D4F00017F60F6B00813377 /* EventViewController.m in Sources */,
				A053E64917E37F7300EE7AEB /* AppDelegate.m in Sources */,
				A053E66217E3A74F00EE7AEB /* MainViewController.m in Sources */,
				A053E66817E3ABFE00EE7AEB /* GeoLocation.m in Sources */,
				A0D36EC017F888A700D4AAD6 /* TicketsViewController.m in Sources */,
				A0E0F06B17E4B442002E8528 /* PopularViewCell.m in Sources */,
				A005A8B41812BDA9002B8128 /* SearchEventCell.m in Sources */,
				A0C8FB151810DDE2005F07B9 /* MapViewController.m in Sources */,
				A0D157CE17E6174300E9D47A /* AboutViewController.m in Sources */,
				A0D4EFFD17F60F2100813377 /* SearchViewController.m in Sources */,
				A005A8EB18131704002B8128 /* Appirater.m in Sources */,
			);
			runOnlyForDeploymentPostprocessing = 0;
		};
/* End PBXSourcesBuildPhase section */

/* Begin PBXVariantGroup section */
		A005A8CD18131704002B8128 /* AppiraterLocalizable.strings */ = {
			isa = PBXVariantGroup;
			children = (
				A005A8CE18131704002B8128 /* ca */,
				A005A8D018131704002B8128 /* cs */,
				A005A8D118131704002B8128 /* da */,
				A005A8D218131704002B8128 /* de */,
				A005A8D318131704002B8128 /* el */,
				A005A8D418131704002B8128 /* en */,
				A005A8D518131704002B8128 /* es */,
				A005A8D618131704002B8128 /* fi */,
				A005A8D718131704002B8128 /* fr */,
				A005A8D818131704002B8128 /* he */,
				A005A8D918131704002B8128 /* hu */,
				A005A8DA18131704002B8128 /* id */,
				A005A8DB18131704002B8128 /* it */,
				A005A8DC18131704002B8128 /* ja */,
				A005A8DD18131704002B8128 /* ko */,
				A005A8DE18131704002B8128 /* nb */,
				A005A8DF18131704002B8128 /* nl */,
				A005A8E018131704002B8128 /* pl */,
				A005A8E118131704002B8128 /* pt */,
				A005A8E318131704002B8128 /* ro */,
				A005A8E418131704002B8128 /* ru */,
				A005A8E518131704002B8128 /* sk */,
				A005A8E618131704002B8128 /* sv */,
				A005A8E718131704002B8128 /* tr */,
				A005A8E818131704002B8128 /* zh-Hans */,
				A005A8E918131704002B8128 /* zh-Hant */,
			);
			name = AppiraterLocalizable.strings;
			sourceTree = "<group>";
		};
		A053E64117E37F7300EE7AEB /* InfoPlist.strings */ = {
			isa = PBXVariantGroup;
			children = (
				A053E64217E37F7300EE7AEB /* en */,
			);
			name = InfoPlist.strings;
			sourceTree = "<group>";
		};
		A053E65017E37F7400EE7AEB /* MainStoryboard.storyboard */ = {
			isa = PBXVariantGroup;
			children = (
				A053E65117E37F7400EE7AEB /* en */,
			);
			name = MainStoryboard.storyboard;
			sourceTree = "<group>";
		};
/* End PBXVariantGroup section */

/* Begin XCBuildConfiguration section */
		A053E65617E37F7400EE7AEB /* Debug */ = {
			isa = XCBuildConfiguration;
			buildSettings = {
				ALWAYS_SEARCH_USER_PATHS = NO;
				CLANG_CXX_LANGUAGE_STANDARD = "gnu++0x";
				CLANG_CXX_LIBRARY = "libc++";
				CLANG_ENABLE_OBJC_ARC = YES;
				CLANG_WARN_CONSTANT_CONVERSION = YES;
				CLANG_WARN_EMPTY_BODY = YES;
				CLANG_WARN_ENUM_CONVERSION = YES;
				CLANG_WARN_INT_CONVERSION = YES;
				CLANG_WARN__DUPLICATE_METHOD_MATCH = YES;
				"CODE_SIGN_IDENTITY[sdk=iphoneos*]" = "iPhone Developer";
				COPY_PHASE_STRIP = NO;
				GCC_C_LANGUAGE_STANDARD = gnu99;
				GCC_DYNAMIC_NO_PIC = NO;
				GCC_OPTIMIZATION_LEVEL = 0;
				GCC_PREPROCESSOR_DEFINITIONS = (
					"DEBUG=1",
					"$(inherited)",
				);
				GCC_SYMBOLS_PRIVATE_EXTERN = NO;
				GCC_WARN_ABOUT_RETURN_TYPE = YES;
				GCC_WARN_UNINITIALIZED_AUTOS = YES;
				GCC_WARN_UNUSED_VARIABLE = YES;
				IPHONEOS_DEPLOYMENT_TARGET = 6.1;
				ONLY_ACTIVE_ARCH = YES;
				OTHER_LDFLAGS = "";
				SDKROOT = iphoneos;
			};
			name = Debug;
		};
		A053E65717E37F7400EE7AEB /* Release */ = {
			isa = XCBuildConfiguration;
			buildSettings = {
				ALWAYS_SEARCH_USER_PATHS = NO;
				CLANG_CXX_LANGUAGE_STANDARD = "gnu++0x";
				CLANG_CXX_LIBRARY = "libc++";
				CLANG_ENABLE_OBJC_ARC = YES;
				CLANG_WARN_CONSTANT_CONVERSION = YES;
				CLANG_WARN_EMPTY_BODY = YES;
				CLANG_WARN_ENUM_CONVERSION = YES;
				CLANG_WARN_INT_CONVERSION = YES;
				CLANG_WARN__DUPLICATE_METHOD_MATCH = YES;
				"CODE_SIGN_IDENTITY[sdk=iphoneos*]" = "iPhone Developer";
				COPY_PHASE_STRIP = YES;
				GCC_C_LANGUAGE_STANDARD = gnu99;
				GCC_WARN_ABOUT_RETURN_TYPE = YES;
				GCC_WARN_UNINITIALIZED_AUTOS = YES;
				GCC_WARN_UNUSED_VARIABLE = YES;
				IPHONEOS_DEPLOYMENT_TARGET = 6.1;
				OTHER_CFLAGS = "-DNS_BLOCK_ASSERTIONS=1";
				OTHER_LDFLAGS = "";
				SDKROOT = iphoneos;
				VALIDATE_PRODUCT = YES;
			};
			name = Release;
		};
		A053E65917E37F7400EE7AEB /* Debug */ = {
			isa = XCBuildConfiguration;
			buildSettings = {
				ASSETCATALOG_COMPILER_LAUNCHIMAGE_NAME = LaunchImage;
				CODE_SIGN_IDENTITY = "iPhone Developer";
				"CODE_SIGN_IDENTITY[sdk=iphoneos*]" = "iPhone Developer";
				FRAMEWORK_SEARCH_PATHS = (
					"$(inherited)",
					"\"$(SRCROOT)\"",
				);
				GCC_PRECOMPILE_PREFIX_HEADER = YES;
				GCC_PREFIX_HEADER = "First Row/First Row-Prefix.pch";
				INFOPLIST_FILE = "First Row/First Row-Info.plist";
				IPHONEOS_DEPLOYMENT_TARGET = 7.0;
				OTHER_LDFLAGS = "-ObjC";
				PRODUCT_NAME = "$(TARGET_NAME)";
				PROVISIONING_PROFILE = "520A6FB7-CBA2-4FAA-86AF-CBE0D482BF1D";
				TARGETED_DEVICE_FAMILY = 1;
				WRAPPER_EXTENSION = app;
			};
			name = Debug;
		};
		A053E65A17E37F7400EE7AEB /* Release */ = {
			isa = XCBuildConfiguration;
			buildSettings = {
				ASSETCATALOG_COMPILER_LAUNCHIMAGE_NAME = LaunchImage;
				CODE_SIGN_IDENTITY = "iPhone Distribution";
				"CODE_SIGN_IDENTITY[sdk=iphoneos*]" = "iPhone Distribution";
				FRAMEWORK_SEARCH_PATHS = (
					"$(inherited)",
					"\"$(SRCROOT)\"",
				);
				GCC_PRECOMPILE_PREFIX_HEADER = YES;
				GCC_PREFIX_HEADER = "First Row/First Row-Prefix.pch";
				INFOPLIST_FILE = "First Row/First Row-Info.plist";
				IPHONEOS_DEPLOYMENT_TARGET = 7.0;
				OTHER_LDFLAGS = "-ObjC";
				PRODUCT_NAME = "$(TARGET_NAME)";
				PROVISIONING_PROFILE = "520A6FB7-CBA2-4FAA-86AF-CBE0D482BF1D";
				TARGETED_DEVICE_FAMILY = 1;
				WRAPPER_EXTENSION = app;
			};
			name = Release;
		};
/* End XCBuildConfiguration section */

/* Begin XCConfigurationList section */
		A053E63017E37F7300EE7AEB /* Build configuration list for PBXProject "First Row" */ = {
			isa = XCConfigurationList;
			buildConfigurations = (
				A053E65617E37F7400EE7AEB /* Debug */,
				A053E65717E37F7400EE7AEB /* Release */,
			);
			defaultConfigurationIsVisible = 0;
			defaultConfigurationName = Release;
		};
		A053E65817E37F7400EE7AEB /* Build configuration list for PBXNativeTarget "First Row" */ = {
			isa = XCConfigurationList;
			buildConfigurations = (
				A053E65917E37F7400EE7AEB /* Debug */,
				A053E65A17E37F7400EE7AEB /* Release */,
			);
			defaultConfigurationIsVisible = 0;
			defaultConfigurationName = Release;
		};
/* End XCConfigurationList section */
	};
	rootObject = A053E62D17E37F7300EE7AEB /* Project object */;
}
